
Microsoft Visual Studio Solution File, Format Version 12.00
# Visual Studio Version 17
VisualStudioVersion = 17.2.32630.192
MinimumVisualStudioVersion = 10.0.40219.1
Project("{FAE04EC0-301F-11D3-BF4B-00C04F79EFBC}") = "randomActivationKey", "randomActivationKey\randomActivationKey.csproj", "{954FFAEC-21DA-4DB6-A90B-3E9CF88CEDCB}"
EndProject
Global
	GlobalSection(SolutionConfigurationPlatforms) = preSolution
		Debug|Any CPU = Debug|Any CPU
		Release|Any CPU = Release|Any CPU
	EndGlobalSection
	GlobalSection(ProjectConfigurationPlatforms) = postSolution
		{954FFAEC-21DA-4DB6-A90B-3E9CF88CEDCB}.Debug|Any CPU.ActiveCfg = Debug|Any CPU
		{954FFAEC-21DA-4DB6-A90B-3E9CF88CEDCB}.Debug|Any CPU.Build.0 = Debug|Any CPU
		{954FFAEC-21DA-4DB6-A90B-3E9CF88CEDCB}.Release|Any CPU.ActiveCfg = Release|Any CPU
		{954FFAEC-21DA-4DB6-A90B-3E9CF88CEDCB}.Release|Any CPU.Build.0 = Release|Any CPU
	EndGlobalSection
	GlobalSection(SolutionProperties) = preSolution
		HideSolutionNode = FALSE
	EndGlobalSection
	GlobalSection(ExtensibilityGlobals) = postSolution
		SolutionGuid = {C2FAEBE7-38E8-45D0-BF52-12AAFA23D720}
	EndGlobalSection
EndGlobal
